
Microsoft Visual Studio Solution File, Format Version 12.00
# Visual Studio Version 16
VisualStudioVersion = 16.0.28803.452
MinimumVisualStudioVersion = 10.0.40219.1
Project("{FAE04EC0-301F-11D3-BF4B-00C04F79EFBC}") = "FizzBuzz", "ConsoleApp2\FizzBuzz.csproj", "{DB566897-D2A6-4D6C-908E-D477709AB64B}"
	ProjectSection(ProjectDependencies) = postProject
		{C109203C-DD79-4632-AC4F-0407906DEF01} = {C109203C-DD79-4632-AC4F-0407906DEF01}
	EndProjectSection
EndProject
Project("{FAE04EC0-301F-11D3-BF4B-00C04F79EFBC}") = "FizzBuzzLib", "ClassLibrary1\FizzBuzzLib.csproj", "{731FFD75-A446-4148-A388-728812212383}"
EndProject
Project("{FAE04EC0-301F-11D3-BF4B-00C04F79EFBC}") = "XUnitTestProject1", "XUnitTestProject1\XUnitTestProject1.csproj", "{C109203C-DD79-4632-AC4F-0407906DEF01}"
EndProject
Global
	GlobalSection(SolutionConfigurationPlatforms) = preSolution
		Debug|Any CPU = Debug|Any CPU
		Release|Any CPU = Release|Any CPU
	EndGlobalSection
	GlobalSection(ProjectConfigurationPlatforms) = postSolution
		{DB566897-D2A6-4D6C-908E-D477709AB64B}.Debug|Any CPU.ActiveCfg = Debug|Any CPU
		{DB566897-D2A6-4D6C-908E-D477709AB64B}.Debug|Any CPU.Build.0 = Debug|Any CPU
		{DB566897-D2A6-4D6C-908E-D477709AB64B}.Release|Any CPU.ActiveCfg = Release|Any CPU
		{DB566897-D2A6-4D6C-908E-D477709AB64B}.Release|Any CPU.Build.0 = Release|Any CPU
		{731FFD75-A446-4148-A388-728812212383}.Debug|Any CPU.ActiveCfg = Debug|Any CPU
		{731FFD75-A446-4148-A388-728812212383}.Debug|Any CPU.Build.0 = Debug|Any CPU
		{731FFD75-A446-4148-A388-728812212383}.Release|Any CPU.ActiveCfg = Release|Any CPU
		{731FFD75-A446-4148-A388-728812212383}.Release|Any CPU.Build.0 = Release|Any CPU
		{C109203C-DD79-4632-AC4F-0407906DEF01}.Debug|Any CPU.ActiveCfg = Debug|Any CPU
		{C109203C-DD79-4632-AC4F-0407906DEF01}.Debug|Any CPU.Build.0 = Debug|Any CPU
		{C109203C-DD79-4632-AC4F-0407906DEF01}.Release|Any CPU.ActiveCfg = Release|Any CPU
		{C109203C-DD79-4632-AC4F-0407906DEF01}.Release|Any CPU.Build.0 = Release|Any CPU
	EndGlobalSection
	GlobalSection(SolutionProperties) = preSolution
		HideSolutionNode = FALSE
	EndGlobalSection
	GlobalSection(ExtensibilityGlobals) = postSolution
		SolutionGuid = {C6D84B19-CADE-401C-BBBB-F4B7E80C5967}
	EndGlobalSection
EndGlobal
